{
  "name": "twitter-bot",
  "version": "1.0.0",
  "lockfileVersion": 2,
  "requires": true,
  "packages": {
    "": {
      "name": "twitter-bot",
      "version": "1.0.0",
      "license": "MIT",
      "dependencies": {
        "dotenv": "^16.0.1",
        "twitter-api-v2": "^1.12.3"
      }
    },
    "node_modules/dotenv": {
      "version": "16.0.1",
      "resolved": "https://registry.npmjs.org/dotenv/-/dotenv-16.0.1.tgz",
      "integrity": "sha512-1K6hR6wtk2FviQ4kEiSjFiH5rpzEVi8WW0x96aztHVMhEspNpc4DVOUTEHtEva5VThQ8IaBX1Pe4gSzpVVUsKQ==",
      "engines": {
        "node": ">=12"
      }
    },
    "node_modules/twitter-api-v2": {
      "version": "1.12.3",
      "resolved": "https://registry.npmjs.org/twitter-api-v2/-/twitter-api-v2-1.12.3.tgz",
      "integrity": "sha512-FM+RmHdVbCKw/KZ99+if4JQyl2Nx5eF/Jl8CNDeV5J/NSnuFgk3bFw1cZHcNusXitxTWIQ0TQFHr1BkgWDz0wQ=="
    }
  },
  "dependencies": {
    "dotenv": {
      "version": "16.0.1",
      "resolved": "https://registry.npmjs.org/dotenv/-/dotenv-16.0.1.tgz",
      "integrity": "sha512-1K6hR6wtk2FviQ4kEiSjFiH5rpzEVi8WW0x96aztHVMhEspNpc4DVOUTEHtEva5VThQ8IaBX1Pe4gSzpVVUsKQ=="
    },
    "twitter-api-v2": {
      "version": "1.12.3",
      "resolved": "https://registry.npmjs.org/twitter-api-v2/-/twitter-api-v2-1.12.3.tgz",
      "integrity": "sha512-FM+RmHdVbCKw/KZ99+if4JQyl2Nx5eF/Jl8CNDeV5J/NSnuFgk3bFw1cZHcNusXitxTWIQ0TQFHr1BkgWDz0wQ=="
    }
  }
}
