{
  "name": "twitter-bot",
  "version": "1.0.0",
  "lockfileVersion": 2,
  "requires": true,
  "packages": {
    "": {
      "name": "twitter-bot",
      "version": "1.0.0",
      "license": "ISC",
      "dependencies": {
        "twitter-api-v2": "^1.12.3"
      }
    },
    "node_modules/twitter-api-v2": {
      "version": "1.12.3",
      "resolved": "https://registry.npmjs.org/twitter-api-v2/-/twitter-api-v2-1.12.3.tgz",
      "integrity": "sha512-FM+RmHdVbCKw/KZ99+if4JQyl2Nx5eF/Jl8CNDeV5J/NSnuFgk3bFw1cZHcNusXitxTWIQ0TQFHr1BkgWDz0wQ=="
    }
  },
  "dependencies": {
    "twitter-api-v2": {
      "version": "1.12.3",
      "resolved": "https://registry.npmjs.org/twitter-api-v2/-/twitter-api-v2-1.12.3.tgz",
      "integrity": "sha512-FM+RmHdVbCKw/KZ99+if4JQyl2Nx5eF/Jl8CNDeV5J/NSnuFgk3bFw1cZHcNusXitxTWIQ0TQFHr1BkgWDz0wQ=="
    }
  }
}
